
Microsoft Visual Studio Solution File, Format Version 12.00
# Visual Studio Version 17
VisualStudioVersion = 17.0.31903.59
MinimumVisualStudioVersion = 10.0.40219.1
Project("{2150E333-8FDC-42A3-9474-1A3956D46DE8}") = "src", "src", "{827E0CD3-B72D-47B6-A68D-7590B98EB39B}"
EndProject
Project("{FAE04EC0-301F-11D3-BF4B-00C04F79EFBC}") = "RedisVlDotNet", "src\RedisVlDotNet\RedisVlDotNet.csproj", "{C0394A8B-ABCD-43BE-947E-AB39DA0502A3}"
EndProject
Project("{2150E333-8FDC-42A3-9474-1A3956D46DE8}") = "tests", "tests", "{59F8C612-13A7-4338-921B-489B69FC708B}"
EndProject
Project("{FAE04EC0-301F-11D3-BF4B-00C04F79EFBC}") = "RedisVlDotNet.Tests", "tests\RedisVlDotNet.Tests\RedisVlDotNet.Tests.csproj", "{A0E7D2B8-239A-4348-A99D-7E494478C1DF}"
EndProject
Project("{2150E333-8FDC-42A3-9474-1A3956D46DE8}") = "examples", "examples", "{B36A84DF-456D-A817-6EDD-3EC3E7F6E11F}"
EndProject
Project("{FAE04EC0-301F-11D3-BF4B-00C04F79EFBC}") = "JsonStorageExample", "examples\JsonStorageExample\JsonStorageExample.csproj", "{D181CD83-2298-4AFF-BE4C-409DE575A600}"
EndProject
Project("{FAE04EC0-301F-11D3-BF4B-00C04F79EFBC}") = "VectorSearchExample", "examples\VectorSearchExample\VectorSearchExample.csproj", "{01F268E6-03D9-4079-9AE1-6486F10BCB8B}"
EndProject
Project("{FAE04EC0-301F-11D3-BF4B-00C04F79EFBC}") = "SemanticCacheExample", "examples\SemanticCacheExample\SemanticCacheExample.csproj", "{83C5D550-B8DB-4D25-B84F-D79EA95A0341}"
EndProject
Project("{FAE04EC0-301F-11D3-BF4B-00C04F79EFBC}") = "RedisVlDotNet.Vectorizers.Abstractions", "src\RedisVlDotNet.Vectorizers.Abstractions\RedisVlDotNet.Vectorizers.Abstractions.csproj", "{74AAC802-B38D-4B67-ADCB-796521942259}"
EndProject
Project("{FAE04EC0-301F-11D3-BF4B-00C04F79EFBC}") = "RedisVlDotNet.Vectorizers.OpenAI", "src\RedisVlDotNet.Vectorizers.OpenAI\RedisVlDotNet.Vectorizers.OpenAI.csproj", "{BA982FE6-5CFB-4DE4-9DF6-DD7B080A797A}"
EndProject
Global
	GlobalSection(SolutionConfigurationPlatforms) = preSolution
		Debug|Any CPU = Debug|Any CPU
		Debug|x64 = Debug|x64
		Debug|x86 = Debug|x86
		Release|Any CPU = Release|Any CPU
		Release|x64 = Release|x64
		Release|x86 = Release|x86
	EndGlobalSection
	GlobalSection(ProjectConfigurationPlatforms) = postSolution
		{C0394A8B-ABCD-43BE-947E-AB39DA0502A3}.Debug|Any CPU.ActiveCfg = Debug|Any CPU
		{C0394A8B-ABCD-43BE-947E-AB39DA0502A3}.Debug|Any CPU.Build.0 = Debug|Any CPU
		{C0394A8B-ABCD-43BE-947E-AB39DA0502A3}.Debug|x64.ActiveCfg = Debug|Any CPU
		{C0394A8B-ABCD-43BE-947E-AB39DA0502A3}.Debug|x64.Build.0 = Debug|Any CPU
		{C0394A8B-ABCD-43BE-947E-AB39DA0502A3}.Debug|x86.ActiveCfg = Debug|Any CPU
		{C0394A8B-ABCD-43BE-947E-AB39DA0502A3}.Debug|x86.Build.0 = Debug|Any CPU
		{C0394A8B-ABCD-43BE-947E-AB39DA0502A3}.Release|Any CPU.ActiveCfg = Release|Any CPU
		{C0394A8B-ABCD-43BE-947E-AB39DA0502A3}.Release|Any CPU.Build.0 = Release|Any CPU
		{C0394A8B-ABCD-43BE-947E-AB39DA0502A3}.Release|x64.ActiveCfg = Release|Any CPU
		{C0394A8B-ABCD-43BE-947E-AB39DA0502A3}.Release|x64.Build.0 = Release|Any CPU
		{C0394A8B-ABCD-43BE-947E-AB39DA0502A3}.Release|x86.ActiveCfg = Release|Any CPU
		{C0394A8B-ABCD-43BE-947E-AB39DA0502A3}.Release|x86.Build.0 = Release|Any CPU
		{A0E7D2B8-239A-4348-A99D-7E494478C1DF}.Debug|Any CPU.ActiveCfg = Debug|Any CPU
		{A0E7D2B8-239A-4348-A99D-7E494478C1DF}.Debug|Any CPU.Build.0 = Debug|Any CPU
		{A0E7D2B8-239A-4348-A99D-7E494478C1DF}.Debug|x64.ActiveCfg = Debug|Any CPU
		{A0E7D2B8-239A-4348-A99D-7E494478C1DF}.Debug|x64.Build.0 = Debug|Any CPU
		{A0E7D2B8-239A-4348-A99D-7E494478C1DF}.Debug|x86.ActiveCfg = Debug|Any CPU
		{A0E7D2B8-239A-4348-A99D-7E494478C1DF}.Debug|x86.Build.0 = Debug|Any CPU
		{A0E7D2B8-239A-4348-A99D-7E494478C1DF}.Release|Any CPU.ActiveCfg = Release|Any CPU
		{A0E7D2B8-239A-4348-A99D-7E494478C1DF}.Release|Any CPU.Build.0 = Release|Any CPU
		{A0E7D2B8-239A-4348-A99D-7E494478C1DF}.Release|x64.ActiveCfg = Release|Any CPU
		{A0E7D2B8-239A-4348-A99D-7E494478C1DF}.Release|x64.Build.0 = Release|Any CPU
		{A0E7D2B8-239A-4348-A99D-7E494478C1DF}.Release|x86.ActiveCfg = Release|Any CPU
		{A0E7D2B8-239A-4348-A99D-7E494478C1DF}.Release|x86.Build.0 = Release|Any CPU
		{D181CD83-2298-4AFF-BE4C-409DE575A600}.Debug|Any CPU.ActiveCfg = Debug|Any CPU
		{D181CD83-2298-4AFF-BE4C-409DE575A600}.Debug|Any CPU.Build.0 = Debug|Any CPU
		{D181CD83-2298-4AFF-BE4C-409DE575A600}.Debug|x64.ActiveCfg = Debug|Any CPU
		{D181CD83-2298-4AFF-BE4C-409DE575A600}.Debug|x64.Build.0 = Debug|Any CPU
		{D181CD83-2298-4AFF-BE4C-409DE575A600}.Debug|x86.ActiveCfg = Debug|Any CPU
		{D181CD83-2298-4AFF-BE4C-409DE575A600}.Debug|x86.Build.0 = Debug|Any CPU
		{D181CD83-2298-4AFF-BE4C-409DE575A600}.Release|Any CPU.ActiveCfg = Release|Any CPU
		{D181CD83-2298-4AFF-BE4C-409DE575A600}.Release|Any CPU.Build.0 = Release|Any CPU
		{D181CD83-2298-4AFF-BE4C-409DE575A600}.Release|x64.ActiveCfg = Release|Any CPU
		{D181CD83-2298-4AFF-BE4C-409DE575A600}.Release|x64.Build.0 = Release|Any CPU
		{D181CD83-2298-4AFF-BE4C-409DE575A600}.Release|x86.ActiveCfg = Release|Any CPU
		{D181CD83-2298-4AFF-BE4C-409DE575A600}.Release|x86.Build.0 = Release|Any CPU
		{01F268E6-03D9-4079-9AE1-6486F10BCB8B}.Debug|Any CPU.ActiveCfg = Debug|Any CPU
		{01F268E6-03D9-4079-9AE1-6486F10BCB8B}.Debug|Any CPU.Build.0 = Debug|Any CPU
		{01F268E6-03D9-4079-9AE1-6486F10BCB8B}.Debug|x64.ActiveCfg = Debug|Any CPU
		{01F268E6-03D9-4079-9AE1-6486F10BCB8B}.Debug|x64.Build.0 = Debug|Any CPU
		{01F268E6-03D9-4079-9AE1-6486F10BCB8B}.Debug|x86.ActiveCfg = Debug|Any CPU
		{01F268E6-03D9-4079-9AE1-6486F10BCB8B}.Debug|x86.Build.0 = Debug|Any CPU
		{01F268E6-03D9-4079-9AE1-6486F10BCB8B}.Release|Any CPU.ActiveCfg = Release|Any CPU
		{01F268E6-03D9-4079-9AE1-6486F10BCB8B}.Release|Any CPU.Build.0 = Release|Any CPU
		{01F268E6-03D9-4079-9AE1-6486F10BCB8B}.Release|x64.ActiveCfg = Release|Any CPU
		{01F268E6-03D9-4079-9AE1-6486F10BCB8B}.Release|x64.Build.0 = Release|Any CPU
		{01F268E6-03D9-4079-9AE1-6486F10BCB8B}.Release|x86.ActiveCfg = Release|Any CPU
		{01F268E6-03D9-4079-9AE1-6486F10BCB8B}.Release|x86.Build.0 = Release|Any CPU
		{83C5D550-B8DB-4D25-B84F-D79EA95A0341}.Debug|Any CPU.ActiveCfg = Debug|Any CPU
		{83C5D550-B8DB-4D25-B84F-D79EA95A0341}.Debug|Any CPU.Build.0 = Debug|Any CPU
		{83C5D550-B8DB-4D25-B84F-D79EA95A0341}.Debug|x64.ActiveCfg = Debug|Any CPU
		{83C5D550-B8DB-4D25-B84F-D79EA95A0341}.Debug|x64.Build.0 = Debug|Any CPU
		{83C5D550-B8DB-4D25-B84F-D79EA95A0341}.Debug|x86.ActiveCfg = Debug|Any CPU
		{83C5D550-B8DB-4D25-B84F-D79EA95A0341}.Debug|x86.Build.0 = Debug|Any CPU
		{83C5D550-B8DB-4D25-B84F-D79EA95A0341}.Release|Any CPU.ActiveCfg = Release|Any CPU
		{83C5D550-B8DB-4D25-B84F-D79EA95A0341}.Release|Any CPU.Build.0 = Release|Any CPU
		{83C5D550-B8DB-4D25-B84F-D79EA95A0341}.Release|x64.ActiveCfg = Release|Any CPU
		{83C5D550-B8DB-4D25-B84F-D79EA95A0341}.Release|x64.Build.0 = Release|Any CPU
		{83C5D550-B8DB-4D25-B84F-D79EA95A0341}.Release|x86.ActiveCfg = Release|Any CPU
		{83C5D550-B8DB-4D25-B84F-D79EA95A0341}.Release|x86.Build.0 = Release|Any CPU
		{74AAC802-B38D-4B67-ADCB-796521942259}.Debug|Any CPU.ActiveCfg = Debug|Any CPU
		{74AAC802-B38D-4B67-ADCB-796521942259}.Debug|Any CPU.Build.0 = Debug|Any CPU
		{74AAC802-B38D-4B67-ADCB-796521942259}.Debug|x64.ActiveCfg = Debug|Any CPU
		{74AAC802-B38D-4B67-ADCB-796521942259}.Debug|x64.Build.0 = Debug|Any CPU
		{74AAC802-B38D-4B67-ADCB-796521942259}.Debug|x86.ActiveCfg = Debug|Any CPU
		{74AAC802-B38D-4B67-ADCB-796521942259}.Debug|x86.Build.0 = Debug|Any CPU
		{74AAC802-B38D-4B67-ADCB-796521942259}.Release|Any CPU.ActiveCfg = Release|Any CPU
		{74AAC802-B38D-4B67-ADCB-796521942259}.Release|Any CPU.Build.0 = Release|Any CPU
		{74AAC802-B38D-4B67-ADCB-796521942259}.Release|x64.ActiveCfg = Release|Any CPU
		{74AAC802-B38D-4B67-ADCB-796521942259}.Release|x64.Build.0 = Release|Any CPU
		{74AAC802-B38D-4B67-ADCB-796521942259}.Release|x86.ActiveCfg = Release|Any CPU
		{74AAC802-B38D-4B67-ADCB-796521942259}.Release|x86.Build.0 = Release|Any CPU
		{BA982FE6-5CFB-4DE4-9DF6-DD7B080A797A}.Debug|Any CPU.ActiveCfg = Debug|Any CPU
		{BA982FE6-5CFB-4DE4-9DF6-DD7B080A797A}.Debug|Any CPU.Build.0 = Debug|Any CPU
		{BA982FE6-5CFB-4DE4-9DF6-DD7B080A797A}.Debug|x64.ActiveCfg = Debug|Any CPU
		{BA982FE6-5CFB-4DE4-9DF6-DD7B080A797A}.Debug|x64.Build.0 = Debug|Any CPU
		{BA982FE6-5CFB-4DE4-9DF6-DD7B080A797A}.Debug|x86.ActiveCfg = Debug|Any CPU
		{BA982FE6-5CFB-4DE4-9DF6-DD7B080A797A}.Debug|x86.Build.0 = Debug|Any CPU
		{BA982FE6-5CFB-4DE4-9DF6-DD7B080A797A}.Release|Any CPU.ActiveCfg = Release|Any CPU
		{BA982FE6-5CFB-4DE4-9DF6-DD7B080A797A}.Release|Any CPU.Build.0 = Release|Any CPU
		{BA982FE6-5CFB-4DE4-9DF6-DD7B080A797A}.Release|x64.ActiveCfg = Release|Any CPU
		{BA982FE6-5CFB-4DE4-9DF6-DD7B080A797A}.Release|x64.Build.0 = Release|Any CPU
		{BA982FE6-5CFB-4DE4-9DF6-DD7B080A797A}.Release|x86.ActiveCfg = Release|Any CPU
		{BA982FE6-5CFB-4DE4-9DF6-DD7B080A797A}.Release|x86.Build.0 = Release|Any CPU
	EndGlobalSection
	GlobalSection(SolutionProperties) = preSolution
		HideSolutionNode = FALSE
	EndGlobalSection
	GlobalSection(NestedProjects) = preSolution
		{C0394A8B-ABCD-43BE-947E-AB39DA0502A3} = {827E0CD3-B72D-47B6-A68D-7590B98EB39B}
		{A0E7D2B8-239A-4348-A99D-7E494478C1DF} = {59F8C612-13A7-4338-921B-489B69FC708B}
		{D181CD83-2298-4AFF-BE4C-409DE575A600} = {B36A84DF-456D-A817-6EDD-3EC3E7F6E11F}
		{01F268E6-03D9-4079-9AE1-6486F10BCB8B} = {B36A84DF-456D-A817-6EDD-3EC3E7F6E11F}
		{83C5D550-B8DB-4D25-B84F-D79EA95A0341} = {B36A84DF-456D-A817-6EDD-3EC3E7F6E11F}
		{74AAC802-B38D-4B67-ADCB-796521942259} = {827E0CD3-B72D-47B6-A68D-7590B98EB39B}
		{BA982FE6-5CFB-4DE4-9DF6-DD7B080A797A} = {827E0CD3-B72D-47B6-A68D-7590B98EB39B}
	EndGlobalSection
EndGlobal
